
Microsoft Visual Studio Solution File, Format Version 12.00
# Visual Studio Version 16
VisualStudioVersion = 16.0.30907.101
MinimumVisualStudioVersion = 10.0.40219.1
Project("{8BC9CEB8-8B4A-11D0-8D11-00A0C91BC942}") = "Assignment_Circle", "..\Assignment_Circle\Assignment_Circle\Assignment_Circle.vcxproj", "{4D33FD25-3749-4AC7-81EF-343DDF528B31}"
EndProject
Project("{8BC9CEB8-8B4A-11D0-8D11-00A0C91BC942}") = "Assignment_CoutCin", "..\Assignment_CoutCin\Assignment_CoutCin\Assignment_CoutCin.vcxproj", "{9B24D9A3-1C81-40AB-84C3-857ED0580B7B}"
EndProject
Project("{8BC9CEB8-8B4A-11D0-8D11-00A0C91BC942}") = "Assignment_FirstConditional", "..\Assignment_FirstConditional\Assignment_FirstConditional\Assignment_FirstConditional.vcxproj", "{61F2CA90-A13F-401B-83F5-2546B7E6FB47}"
EndProject
Project("{8BC9CEB8-8B4A-11D0-8D11-00A0C91BC942}") = "Assignment_IntAndChars", "..\Assignment_IntAndChars\Assignment_IntAndChars\Assignment_IntAndChars.vcxproj", "{3C97DB82-8450-49BC-9735-A9F7A21275CC}"
EndProject
Project("{8BC9CEB8-8B4A-11D0-8D11-00A0C91BC942}") = "Assignment1", "..\Assignment1\Assignment1\Assignment1.vcxproj", "{E7683471-25A8-4569-9805-C145548EEB21}"
EndProject
Project("{8BC9CEB8-8B4A-11D0-8D11-00A0C91BC942}") = "Example_MathAdd", "..\Example_MathAdd\Example_MathAdd\Example_MathAdd.vcxproj", "{99588615-ACC1-426E-AE3E-329BFB4E4197}"
EndProject
Project("{8BC9CEB8-8B4A-11D0-8D11-00A0C91BC942}") = "Exmaple_Program1", "..\Exmaple_Program1\Exmaple_Program1\Exmaple_Program1.vcxproj", "{80937A0E-F899-4304-B48A-F848D0B0C82D}"
EndProject
Project("{8BC9CEB8-8B4A-11D0-8D11-00A0C91BC942}") = "FirstProject", "..\FirstProject\FirstProject\FirstProject.vcxproj", "{B3B97542-372D-4003-B290-D4D5E7420DB9}"
EndProject
Project("{8BC9CEB8-8B4A-11D0-8D11-00A0C91BC942}") = "SFML_FirstProject", "..\SFML_FirstProject\SFML_FirstProject\SFML_FirstProject.vcxproj", "{CFAD6829-378E-410F-83A1-9E4D63228913}"
EndProject
Project("{8BC9CEB8-8B4A-11D0-8D11-00A0C91BC942}") = "SFMLTest", "..\SFMLTemplate\SFMLTest\SFMLTest.vcxproj", "{A2E442C8-947B-4611-92E7-37C80B083B0C}"
EndProject
Project("{8BC9CEB8-8B4A-11D0-8D11-00A0C91BC942}") = "Assignment_SizeofData", "Assignment_SizeofData\Assignment_SizeofData.vcxproj", "{66A6740B-38D2-4814-9027-EFB528519D9A}"
EndProject
Project("{8BC9CEB8-8B4A-11D0-8D11-00A0C91BC942}") = "SFML_Snowflake", "SFML_Snowflake\SFML_Snowflake.vcxproj", "{7A43BAC8-C70F-4C3A-97CA-8B05AB8BE214}"
EndProject
Project("{8BC9CEB8-8B4A-11D0-8D11-00A0C91BC942}") = "Assignment_InputLoops", "Assignment_InputLoops\Assignment_InputLoops.vcxproj", "{44102080-5684-423A-B1B4-308C06E6C850}"
EndProject
Project("{8BC9CEB8-8B4A-11D0-8D11-00A0C91BC942}") = "SFML_MoveBall", "SFML_MoveBall\SFML_MoveBall.vcxproj", "{69CD85D6-D11E-4B81-B05A-7B5955107CA8}"
EndProject
Project("{8BC9CEB8-8B4A-11D0-8D11-00A0C91BC942}") = "Example_AverageMenu", "Example_AverageMenu\Example_AverageMenu.vcxproj", "{D6A716D9-8C97-4AA3-9445-0273BDA7173A}"
EndProject
Project("{8BC9CEB8-8B4A-11D0-8D11-00A0C91BC942}") = "SFML_Pong", "SFML_Pong\SFML_Pong.vcxproj", "{10294F27-5A7F-49F4-A404-9DFA959D8761}"
EndProject
Project("{8BC9CEB8-8B4A-11D0-8D11-00A0C91BC942}") = "SFML_NestedLoops", "SFML_NestedLoops\SFML_NestedLoops.vcxproj", "{5B3E29D7-7661-475C-8900-F68137A7AA04}"
EndProject
Project("{8BC9CEB8-8B4A-11D0-8D11-00A0C91BC942}") = "Assignment_ASCIILoop", "Assignment_ASCIILoop\Assignment_ASCIILoop.vcxproj", "{77AF5D12-90BE-46AC-A463-59C302963899}"
EndProject
Project("{8BC9CEB8-8B4A-11D0-8D11-00A0C91BC942}") = "Assignment_RandomNumberGuesser", "Assignment_RandomNumberGuesser\Assignment_RandomNumberGuesser.vcxproj", "{2113E46D-C961-44BC-B7CB-3CDBD5613E4B}"
EndProject
Project("{8BC9CEB8-8B4A-11D0-8D11-00A0C91BC942}") = "Assignment_CelsiusFarenheit", "Assignment_CelsiusFarenheit\Assignment_CelsiusFarenheit.vcxproj", "{C4B866B3-3281-4E19-ADE8-F7AA86606C16}"
EndProject
Project("{8BC9CEB8-8B4A-11D0-8D11-00A0C91BC942}") = "Example_Functions", "Example_Functions\Example_Functions.vcxproj", "{8DAB2023-834C-43DE-AF62-B179D8A23CD0}"
EndProject
Project("{8BC9CEB8-8B4A-11D0-8D11-00A0C91BC942}") = "SFML_Text", "SFML_Text\SFML_Text.vcxproj", "{AF34598B-A18E-4B0E-9C29-765684F8AEE6}"
EndProject
Project("{8BC9CEB8-8B4A-11D0-8D11-00A0C91BC942}") = "Example_MoreFunctions", "Example_MoreFunctions\Example_MoreFunctions.vcxproj", "{5B02E317-70A1-43AE-B279-4924D50E3F26}"
EndProject
Project("{8BC9CEB8-8B4A-11D0-8D11-00A0C91BC942}") = "Test_RockPaperScissors", "Test_RockPaperScissors\Test_RockPaperScissors.vcxproj", "{5AC4BCA0-F378-4637-9EA8-10EC07C159BA}"
EndProject
Project("{8BC9CEB8-8B4A-11D0-8D11-00A0C91BC942}") = "Example_FunctionsContinued", "Example_FunctionsContinued\Example_FunctionsContinued.vcxproj", "{C32408DC-EB19-450A-9BA9-643BEBF0550B}"
EndProject
Project("{8BC9CEB8-8B4A-11D0-8D11-00A0C91BC942}") = "Example_HeaderPractice", "Example_HeaderPractice\Example_HeaderPractice.vcxproj", "{56F8C922-6FAC-40EA-AE59-F4DFDD21D491}"
EndProject
Project("{8BC9CEB8-8B4A-11D0-8D11-00A0C91BC942}") = "Example_Recursion1", "Example_Recursion1\Example_Recursion1.vcxproj", "{1E1C02A9-F19C-475F-BEC6-2D8E05281B0D}"
EndProject
Project("{8BC9CEB8-8B4A-11D0-8D11-00A0C91BC942}") = "Assignment_FirstRecursion", "Assignment_FirstRecursion\Assignment_FirstRecursion.vcxproj", "{0A2B5165-0E60-47E7-919B-A8539754F699}"
EndProject
Project("{8BC9CEB8-8B4A-11D0-8D11-00A0C91BC942}") = "Assignment_RecursionCont", "Assignment_RecursionCont\Assignment_RecursionCont.vcxproj", "{ECF180A9-7AA7-472C-BE77-4612A6E7C77C}"
EndProject
Project("{8BC9CEB8-8B4A-11D0-8D11-00A0C91BC942}") = "Assignment_Recursion2", "Assignment_Recursion2\Assignment_Recursion2.vcxproj", "{CF519B7E-9E1B-4C7F-9B5F-3693D1A294EC}"
EndProject
Project("{8BC9CEB8-8B4A-11D0-8D11-00A0C91BC942}") = "SFML_Breakout", "SFML_Breakout\SFML_Breakout.vcxproj", "{276CBA05-2056-447D-806D-DC19636F5BBF}"
EndProject
Project("{8BC9CEB8-8B4A-11D0-8D11-00A0C91BC942}") = "Test_Recursion", "Test_Recursion\Test_Recursion.vcxproj", "{AB9E7399-C7E7-4F58-85B8-B2C8F1ECFE38}"
EndProject
Project("{8BC9CEB8-8B4A-11D0-8D11-00A0C91BC942}") = "Example_Arrays", "Example_Arrays\Example_Arrays.vcxproj", "{AABBC8D7-6A71-4930-8707-BB9C4A7C7E99}"
EndProject
Project("{8BC9CEB8-8B4A-11D0-8D11-00A0C91BC942}") = "Assignment_ProcessingInput", "Assignment_ProcessingInput\Assignment_ProcessingInput.vcxproj", "{CCCC4EC0-3C81-435F-A960-40400520AA8D}"
EndProject
Project("{8BC9CEB8-8B4A-11D0-8D11-00A0C91BC942}") = "Assignment_ProcessingWithFunctions", "Assignment_ProcessingWithFunctions\Assignment_ProcessingWithFunctions.vcxproj", "{EDD944FC-2B54-49C9-98F5-56CDF2299E2C}"
EndProject
Project("{8BC9CEB8-8B4A-11D0-8D11-00A0C91BC942}") = "Example_2DArrays", "Example_2DArrays\Example_2DArrays.vcxproj", "{F895296B-2863-4180-992F-7DC1383350E9}"
EndProject
Project("{8BC9CEB8-8B4A-11D0-8D11-00A0C91BC942}") = "Example_Vectors", "Example_Vectors\Example_Vectors.vcxproj", "{10F3E474-AC01-4BB2-8750-2FCB2D516578}"
EndProject
Project("{8BC9CEB8-8B4A-11D0-8D11-00A0C91BC942}") = "Assignment_TicTacToe", "Assignment_TicTacToe\Assignment_TicTacToe.vcxproj", "{597E545D-7DCD-427D-A26B-48CC5FD81200}"
EndProject
Project("{8BC9CEB8-8B4A-11D0-8D11-00A0C91BC942}") = "Example_Struct", "Example_Struct\Example_Struct.vcxproj", "{F7275D51-0DC2-44B5-9351-D9513A5E0E33}"
EndProject
Project("{8BC9CEB8-8B4A-11D0-8D11-00A0C91BC942}") = "Assignment_CarStruct", "Assignment_CarStruct\Assignment_CarStruct.vcxproj", "{ED5B71A4-CD22-4FC0-A414-E2AD60694BBD}"
EndProject
Project("{8BC9CEB8-8B4A-11D0-8D11-00A0C91BC942}") = "Example_NestedStructs", "Example_NestedStructs\Example_NestedStructs.vcxproj", "{8B993605-F194-4586-83C1-E50507B90F50}"
EndProject
Project("{8BC9CEB8-8B4A-11D0-8D11-00A0C91BC942}") = "Assignment_StudentInfoStruct", "Assignment_StudentInfoStruct\Assignment_StudentInfoStruct.vcxproj", "{4943CE9A-CFB6-4798-B755-BD605B976342}"
EndProject
Project("{8BC9CEB8-8B4A-11D0-8D11-00A0C91BC942}") = "Example_Pointers", "Example_Pointers\Example_Pointers.vcxproj", "{7E229188-6A8A-4AD3-BCC3-1D0E445C9073}"
EndProject
Project("{8BC9CEB8-8B4A-11D0-8D11-00A0C91BC942}") = "Example_CarsStructContinued", "Example_CarsStructContinued\Example_CarsStructContinued.vcxproj", "{32DE3F1C-E687-4FDA-821B-5AA4C987DB01}"
EndProject
Project("{8BC9CEB8-8B4A-11D0-8D11-00A0C91BC942}") = "Assignment_SacramentoInput", "Assignment_SacramentoInput\Assignment_SacramentoInput.vcxproj", "{D682B7A5-B1C3-4C04-AB57-77C1B8BD93B4}"
EndProject
Project("{8BC9CEB8-8B4A-11D0-8D11-00A0C91BC942}") = "Assignment_UNCountryInput", "Assignment_UNCountryInput\Assignment_UNCountryInput.vcxproj", "{6FE37995-D499-40C4-851C-107FC272A851}"
EndProject
Project("{8BC9CEB8-8B4A-11D0-8D11-00A0C91BC942}") = "Test_3", "Test_3\Test_3.vcxproj", "{D945B546-1CB6-47DD-8BC8-DEBF03AC3F36}"
EndProject
Project("{8BC9CEB8-8B4A-11D0-8D11-00A0C91BC942}") = "Assignment_FirstClass", "Assignment_FirstClass\Assignment_FirstClass.vcxproj", "{3863B44C-9994-418C-A165-9995BE4C8622}"
EndProject
Project("{8BC9CEB8-8B4A-11D0-8D11-00A0C91BC942}") = "Example_ConstructorDestructor", "Example_ConstructorDestructor\Example_ConstructorDestructor.vcxproj", "{6114576E-5393-4554-955B-7E19B2BE6057}"
EndProject
Project("{8BC9CEB8-8B4A-11D0-8D11-00A0C91BC942}") = "Assignment_Dice", "Assignment_Dice\Assignment_Dice.vcxproj", "{313D4356-2807-4A95-9E0E-ED02A960661B}"
EndProject
Project("{8BC9CEB8-8B4A-11D0-8D11-00A0C91BC942}") = "Assignment_CrapsAgain", "Assignment_CrapsAgain\Assignment_CrapsAgain.vcxproj", "{20A641FC-1ACD-49F6-87B2-BA5C11592F88}"
EndProject
Project("{8BC9CEB8-8B4A-11D0-8D11-00A0C91BC942}") = "Test_Classes", "Test_Classes\Test_Classes.vcxproj", "{80384636-8283-43B5-AB27-E4B0CA9122D2}"
EndProject
Project("{8BC9CEB8-8B4A-11D0-8D11-00A0C91BC942}") = "SFML_BreakoutClasses", "SFML_BreakoutClasses\SFML_BreakoutClasses.vcxproj", "{B3DBABA5-DF8D-45CD-8E44-C64996937494}"
EndProject
Project("{8BC9CEB8-8B4A-11D0-8D11-00A0C91BC942}") = "SFML_TESTING", "SFML_TESTING\SFML_TESTING.vcxproj", "{6E10ADF5-7D04-4FFD-8113-F50ABD375EF1}"
EndProject
Project("{8BC9CEB8-8B4A-11D0-8D11-00A0C91BC942}") = "Final_SortingAlgos", "Final_SortingAlgos\Final_SortingAlgos.vcxproj", "{D84E719D-627D-4CE5-B830-48747E12EE6A}"
EndProject
Global
	GlobalSection(SolutionConfigurationPlatforms) = preSolution
		Debug|x64 = Debug|x64
		Debug|x86 = Debug|x86
		Release|x64 = Release|x64
		Release|x86 = Release|x86
	EndGlobalSection
	GlobalSection(ProjectConfigurationPlatforms) = postSolution
		{4D33FD25-3749-4AC7-81EF-343DDF528B31}.Debug|x64.ActiveCfg = Debug|x64
		{4D33FD25-3749-4AC7-81EF-343DDF528B31}.Debug|x64.Build.0 = Debug|x64
		{4D33FD25-3749-4AC7-81EF-343DDF528B31}.Debug|x86.ActiveCfg = Debug|Win32
		{4D33FD25-3749-4AC7-81EF-343DDF528B31}.Debug|x86.Build.0 = Debug|Win32
		{4D33FD25-3749-4AC7-81EF-343DDF528B31}.Release|x64.ActiveCfg = Release|x64
		{4D33FD25-3749-4AC7-81EF-343DDF528B31}.Release|x64.Build.0 = Release|x64
		{4D33FD25-3749-4AC7-81EF-343DDF528B31}.Release|x86.ActiveCfg = Release|Win32
		{4D33FD25-3749-4AC7-81EF-343DDF528B31}.Release|x86.Build.0 = Release|Win32
		{9B24D9A3-1C81-40AB-84C3-857ED0580B7B}.Debug|x64.ActiveCfg = Debug|x64
		{9B24D9A3-1C81-40AB-84C3-857ED0580B7B}.Debug|x64.Build.0 = Debug|x64
		{9B24D9A3-1C81-40AB-84C3-857ED0580B7B}.Debug|x86.ActiveCfg = Debug|Win32
		{9B24D9A3-1C81-40AB-84C3-857ED0580B7B}.Debug|x86.Build.0 = Debug|Win32
		{9B24D9A3-1C81-40AB-84C3-857ED0580B7B}.Release|x64.ActiveCfg = Release|x64
		{9B24D9A3-1C81-40AB-84C3-857ED0580B7B}.Release|x64.Build.0 = Release|x64
		{9B24D9A3-1C81-40AB-84C3-857ED0580B7B}.Release|x86.ActiveCfg = Release|Win32
		{9B24D9A3-1C81-40AB-84C3-857ED0580B7B}.Release|x86.Build.0 = Release|Win32
		{61F2CA90-A13F-401B-83F5-2546B7E6FB47}.Debug|x64.ActiveCfg = Debug|x64
		{61F2CA90-A13F-401B-83F5-2546B7E6FB47}.Debug|x64.Build.0 = Debug|x64
		{61F2CA90-A13F-401B-83F5-2546B7E6FB47}.Debug|x86.ActiveCfg = Debug|Win32
		{61F2CA90-A13F-401B-83F5-2546B7E6FB47}.Debug|x86.Build.0 = Debug|Win32
		{61F2CA90-A13F-401B-83F5-2546B7E6FB47}.Release|x64.ActiveCfg = Release|x64
		{61F2CA90-A13F-401B-83F5-2546B7E6FB47}.Release|x64.Build.0 = Release|x64
		{61F2CA90-A13F-401B-83F5-2546B7E6FB47}.Release|x86.ActiveCfg = Release|Win32
		{61F2CA90-A13F-401B-83F5-2546B7E6FB47}.Release|x86.Build.0 = Release|Win32
		{3C97DB82-8450-49BC-9735-A9F7A21275CC}.Debug|x64.ActiveCfg = Debug|x64
		{3C97DB82-8450-49BC-9735-A9F7A21275CC}.Debug|x64.Build.0 = Debug|x64
		{3C97DB82-8450-49BC-9735-A9F7A21275CC}.Debug|x86.ActiveCfg = Debug|Win32
		{3C97DB82-8450-49BC-9735-A9F7A21275CC}.Debug|x86.Build.0 = Debug|Win32
		{3C97DB82-8450-49BC-9735-A9F7A21275CC}.Release|x64.ActiveCfg = Release|x64
		{3C97DB82-8450-49BC-9735-A9F7A21275CC}.Release|x64.Build.0 = Release|x64
		{3C97DB82-8450-49BC-9735-A9F7A21275CC}.Release|x86.ActiveCfg = Release|Win32
		{3C97DB82-8450-49BC-9735-A9F7A21275CC}.Release|x86.Build.0 = Release|Win32
		{E7683471-25A8-4569-9805-C145548EEB21}.Debug|x64.ActiveCfg = Debug|x64
		{E7683471-25A8-4569-9805-C145548EEB21}.Debug|x64.Build.0 = Debug|x64
		{E7683471-25A8-4569-9805-C145548EEB21}.Debug|x86.ActiveCfg = Debug|Win32
		{E7683471-25A8-4569-9805-C145548EEB21}.Debug|x86.Build.0 = Debug|Win32
		{E7683471-25A8-4569-9805-C145548EEB21}.Release|x64.ActiveCfg = Release|x64
		{E7683471-25A8-4569-9805-C145548EEB21}.Release|x64.Build.0 = Release|x64
		{E7683471-25A8-4569-9805-C145548EEB21}.Release|x86.ActiveCfg = Release|Win32
		{E7683471-25A8-4569-9805-C145548EEB21}.Release|x86.Build.0 = Release|Win32
		{99588615-ACC1-426E-AE3E-329BFB4E4197}.Debug|x64.ActiveCfg = Debug|x64
		{99588615-ACC1-426E-AE3E-329BFB4E4197}.Debug|x64.Build.0 = Debug|x64
		{99588615-ACC1-426E-AE3E-329BFB4E4197}.Debug|x86.ActiveCfg = Debug|Win32
		{99588615-ACC1-426E-AE3E-329BFB4E4197}.Debug|x86.Build.0 = Debug|Win32
		{99588615-ACC1-426E-AE3E-329BFB4E4197}.Release|x64.ActiveCfg = Release|x64
		{99588615-ACC1-426E-AE3E-329BFB4E4197}.Release|x64.Build.0 = Release|x64
		{99588615-ACC1-426E-AE3E-329BFB4E4197}.Release|x86.ActiveCfg = Release|Win32
		{99588615-ACC1-426E-AE3E-329BFB4E4197}.Release|x86.Build.0 = Release|Win32
		{80937A0E-F899-4304-B48A-F848D0B0C82D}.Debug|x64.ActiveCfg = Debug|x64
		{80937A0E-F899-4304-B48A-F848D0B0C82D}.Debug|x64.Build.0 = Debug|x64
		{80937A0E-F899-4304-B48A-F848D0B0C82D}.Debug|x86.ActiveCfg = Debug|Win32
		{80937A0E-F899-4304-B48A-F848D0B0C82D}.Debug|x86.Build.0 = Debug|Win32
		{80937A0E-F899-4304-B48A-F848D0B0C82D}.Release|x64.ActiveCfg = Release|x64
		{80937A0E-F899-4304-B48A-F848D0B0C82D}.Release|x64.Build.0 = Release|x64
		{80937A0E-F899-4304-B48A-F848D0B0C82D}.Release|x86.ActiveCfg = Release|Win32
		{80937A0E-F899-4304-B48A-F848D0B0C82D}.Release|x86.Build.0 = Release|Win32
		{B3B97542-372D-4003-B290-D4D5E7420DB9}.Debug|x64.ActiveCfg = Debug|x64
		{B3B97542-372D-4003-B290-D4D5E7420DB9}.Debug|x64.Build.0 = Debug|x64
		{B3B97542-372D-4003-B290-D4D5E7420DB9}.Debug|x86.ActiveCfg = Debug|Win32
		{B3B97542-372D-4003-B290-D4D5E7420DB9}.Debug|x86.Build.0 = Debug|Win32
		{B3B97542-372D-4003-B290-D4D5E7420DB9}.Release|x64.ActiveCfg = Release|x64
		{B3B97542-372D-4003-B290-D4D5E7420DB9}.Release|x64.Build.0 = Release|x64
		{B3B97542-372D-4003-B290-D4D5E7420DB9}.Release|x86.ActiveCfg = Release|Win32
		{B3B97542-372D-4003-B290-D4D5E7420DB9}.Release|x86.Build.0 = Release|Win32
		{CFAD6829-378E-410F-83A1-9E4D63228913}.Debug|x64.ActiveCfg = Debug|x64
		{CFAD6829-378E-410F-83A1-9E4D63228913}.Debug|x64.Build.0 = Debug|x64
		{CFAD6829-378E-410F-83A1-9E4D63228913}.Debug|x86.ActiveCfg = Debug|Win32
		{CFAD6829-378E-410F-83A1-9E4D63228913}.Debug|x86.Build.0 = Debug|Win32
		{CFAD6829-378E-410F-83A1-9E4D63228913}.Release|x64.ActiveCfg = Release|x64
		{CFAD6829-378E-410F-83A1-9E4D63228913}.Release|x64.Build.0 = Release|x64
		{CFAD6829-378E-410F-83A1-9E4D63228913}.Release|x86.ActiveCfg = Release|Win32
		{CFAD6829-378E-410F-83A1-9E4D63228913}.Release|x86.Build.0 = Release|Win32
		{A2E442C8-947B-4611-92E7-37C80B083B0C}.Debug|x64.ActiveCfg = Debug|x64
		{A2E442C8-947B-4611-92E7-37C80B083B0C}.Debug|x64.Build.0 = Debug|x64
		{A2E442C8-947B-4611-92E7-37C80B083B0C}.Debug|x86.ActiveCfg = Debug|Win32
		{A2E442C8-947B-4611-92E7-37C80B083B0C}.Debug|x86.Build.0 = Debug|Win32
		{A2E442C8-947B-4611-92E7-37C80B083B0C}.Release|x64.ActiveCfg = Release|x64
		{A2E442C8-947B-4611-92E7-37C80B083B0C}.Release|x64.Build.0 = Release|x64
		{A2E442C8-947B-4611-92E7-37C80B083B0C}.Release|x86.ActiveCfg = Release|Win32
		{A2E442C8-947B-4611-92E7-37C80B083B0C}.Release|x86.Build.0 = Release|Win32
		{66A6740B-38D2-4814-9027-EFB528519D9A}.Debug|x64.ActiveCfg = Debug|x64
		{66A6740B-38D2-4814-9027-EFB528519D9A}.Debug|x64.Build.0 = Debug|x64
		{66A6740B-38D2-4814-9027-EFB528519D9A}.Debug|x86.ActiveCfg = Debug|Win32
		{66A6740B-38D2-4814-9027-EFB528519D9A}.Debug|x86.Build.0 = Debug|Win32
		{66A6740B-38D2-4814-9027-EFB528519D9A}.Release|x64.ActiveCfg = Release|x64
		{66A6740B-38D2-4814-9027-EFB528519D9A}.Release|x64.Build.0 = Release|x64
		{66A6740B-38D2-4814-9027-EFB528519D9A}.Release|x86.ActiveCfg = Release|Win32
		{66A6740B-38D2-4814-9027-EFB528519D9A}.Release|x86.Build.0 = Release|Win32
		{7A43BAC8-C70F-4C3A-97CA-8B05AB8BE214}.Debug|x64.ActiveCfg = Debug|x64
		{7A43BAC8-C70F-4C3A-97CA-8B05AB8BE214}.Debug|x64.Build.0 = Debug|x64
		{7A43BAC8-C70F-4C3A-97CA-8B05AB8BE214}.Debug|x86.ActiveCfg = Debug|Win32
		{7A43BAC8-C70F-4C3A-97CA-8B05AB8BE214}.Debug|x86.Build.0 = Debug|Win32
		{7A43BAC8-C70F-4C3A-97CA-8B05AB8BE214}.Release|x64.ActiveCfg = Release|x64
		{7A43BAC8-C70F-4C3A-97CA-8B05AB8BE214}.Release|x64.Build.0 = Release|x64
		{7A43BAC8-C70F-4C3A-97CA-8B05AB8BE214}.Release|x86.ActiveCfg = Release|Win32
		{7A43BAC8-C70F-4C3A-97CA-8B05AB8BE214}.Release|x86.Build.0 = Release|Win32
		{44102080-5684-423A-B1B4-308C06E6C850}.Debug|x64.ActiveCfg = Debug|x64
		{44102080-5684-423A-B1B4-308C06E6C850}.Debug|x64.Build.0 = Debug|x64
		{44102080-5684-423A-B1B4-308C06E6C850}.Debug|x86.ActiveCfg = Debug|Win32
		{44102080-5684-423A-B1B4-308C06E6C850}.Debug|x86.Build.0 = Debug|Win32
		{44102080-5684-423A-B1B4-308C06E6C850}.Release|x64.ActiveCfg = Release|x64
		{44102080-5684-423A-B1B4-308C06E6C850}.Release|x64.Build.0 = Release|x64
		{44102080-5684-423A-B1B4-308C06E6C850}.Release|x86.ActiveCfg = Release|Win32
		{44102080-5684-423A-B1B4-308C06E6C850}.Release|x86.Build.0 = Release|Win32
		{69CD85D6-D11E-4B81-B05A-7B5955107CA8}.Debug|x64.ActiveCfg = Debug|x64
		{69CD85D6-D11E-4B81-B05A-7B5955107CA8}.Debug|x64.Build.0 = Debug|x64
		{69CD85D6-D11E-4B81-B05A-7B5955107CA8}.Debug|x86.ActiveCfg = Debug|Win32
		{69CD85D6-D11E-4B81-B05A-7B5955107CA8}.Debug|x86.Build.0 = Debug|Win32
		{69CD85D6-D11E-4B81-B05A-7B5955107CA8}.Release|x64.ActiveCfg = Release|x64
		{69CD85D6-D11E-4B81-B05A-7B5955107CA8}.Release|x64.Build.0 = Release|x64
		{69CD85D6-D11E-4B81-B05A-7B5955107CA8}.Release|x86.ActiveCfg = Release|Win32
		{69CD85D6-D11E-4B81-B05A-7B5955107CA8}.Release|x86.Build.0 = Release|Win32
		{D6A716D9-8C97-4AA3-9445-0273BDA7173A}.Debug|x64.ActiveCfg = Debug|x64
		{D6A716D9-8C97-4AA3-9445-0273BDA7173A}.Debug|x64.Build.0 = Debug|x64
		{D6A716D9-8C97-4AA3-9445-0273BDA7173A}.Debug|x86.ActiveCfg = Debug|Win32
		{D6A716D9-8C97-4AA3-9445-0273BDA7173A}.Debug|x86.Build.0 = Debug|Win32
		{D6A716D9-8C97-4AA3-9445-0273BDA7173A}.Release|x64.ActiveCfg = Release|x64
		{D6A716D9-8C97-4AA3-9445-0273BDA7173A}.Release|x64.Build.0 = Release|x64
		{D6A716D9-8C97-4AA3-9445-0273BDA7173A}.Release|x86.ActiveCfg = Release|Win32
		{D6A716D9-8C97-4AA3-9445-0273BDA7173A}.Release|x86.Build.0 = Release|Win32
		{10294F27-5A7F-49F4-A404-9DFA959D8761}.Debug|x64.ActiveCfg = Debug|x64
		{10294F27-5A7F-49F4-A404-9DFA959D8761}.Debug|x64.Build.0 = Debug|x64
		{10294F27-5A7F-49F4-A404-9DFA959D8761}.Debug|x86.ActiveCfg = Debug|Win32
		{10294F27-5A7F-49F4-A404-9DFA959D8761}.Debug|x86.Build.0 = Debug|Win32
		{10294F27-5A7F-49F4-A404-9DFA959D8761}.Release|x64.ActiveCfg = Release|x64
		{10294F27-5A7F-49F4-A404-9DFA959D8761}.Release|x64.Build.0 = Release|x64
		{10294F27-5A7F-49F4-A404-9DFA959D8761}.Release|x86.ActiveCfg = Release|Win32
		{10294F27-5A7F-49F4-A404-9DFA959D8761}.Release|x86.Build.0 = Release|Win32
		{5B3E29D7-7661-475C-8900-F68137A7AA04}.Debug|x64.ActiveCfg = Debug|x64
		{5B3E29D7-7661-475C-8900-F68137A7AA04}.Debug|x64.Build.0 = Debug|x64
		{5B3E29D7-7661-475C-8900-F68137A7AA04}.Debug|x86.ActiveCfg = Debug|Win32
		{5B3E29D7-7661-475C-8900-F68137A7AA04}.Debug|x86.Build.0 = Debug|Win32
		{5B3E29D7-7661-475C-8900-F68137A7AA04}.Release|x64.ActiveCfg = Release|x64
		{5B3E29D7-7661-475C-8900-F68137A7AA04}.Release|x64.Build.0 = Release|x64
		{5B3E29D7-7661-475C-8900-F68137A7AA04}.Release|x86.ActiveCfg = Release|Win32
		{5B3E29D7-7661-475C-8900-F68137A7AA04}.Release|x86.Build.0 = Release|Win32
		{77AF5D12-90BE-46AC-A463-59C302963899}.Debug|x64.ActiveCfg = Debug|x64
		{77AF5D12-90BE-46AC-A463-59C302963899}.Debug|x64.Build.0 = Debug|x64
		{77AF5D12-90BE-46AC-A463-59C302963899}.Debug|x86.ActiveCfg = Debug|Win32
		{77AF5D12-90BE-46AC-A463-59C302963899}.Debug|x86.Build.0 = Debug|Win32
		{77AF5D12-90BE-46AC-A463-59C302963899}.Release|x64.ActiveCfg = Release|x64
		{77AF5D12-90BE-46AC-A463-59C302963899}.Release|x64.Build.0 = Release|x64
		{77AF5D12-90BE-46AC-A463-59C302963899}.Release|x86.ActiveCfg = Release|Win32
		{77AF5D12-90BE-46AC-A463-59C302963899}.Release|x86.Build.0 = Release|Win32
		{2113E46D-C961-44BC-B7CB-3CDBD5613E4B}.Debug|x64.ActiveCfg = Debug|x64
		{2113E46D-C961-44BC-B7CB-3CDBD5613E4B}.Debug|x64.Build.0 = Debug|x64
		{2113E46D-C961-44BC-B7CB-3CDBD5613E4B}.Debug|x86.ActiveCfg = Debug|Win32
		{2113E46D-C961-44BC-B7CB-3CDBD5613E4B}.Debug|x86.Build.0 = Debug|Win32
		{2113E46D-C961-44BC-B7CB-3CDBD5613E4B}.Release|x64.ActiveCfg = Release|x64
		{2113E46D-C961-44BC-B7CB-3CDBD5613E4B}.Release|x64.Build.0 = Release|x64
		{2113E46D-C961-44BC-B7CB-3CDBD5613E4B}.Release|x86.ActiveCfg = Release|Win32
		{2113E46D-C961-44BC-B7CB-3CDBD5613E4B}.Release|x86.Build.0 = Release|Win32
		{C4B866B3-3281-4E19-ADE8-F7AA86606C16}.Debug|x64.ActiveCfg = Debug|x64
		{C4B866B3-3281-4E19-ADE8-F7AA86606C16}.Debug|x64.Build.0 = Debug|x64
		{C4B866B3-3281-4E19-ADE8-F7AA86606C16}.Debug|x86.ActiveCfg = Debug|Win32
		{C4B866B3-3281-4E19-ADE8-F7AA86606C16}.Debug|x86.Build.0 = Debug|Win32
		{C4B866B3-3281-4E19-ADE8-F7AA86606C16}.Release|x64.ActiveCfg = Release|x64
		{C4B866B3-3281-4E19-ADE8-F7AA86606C16}.Release|x64.Build.0 = Release|x64
		{C4B866B3-3281-4E19-ADE8-F7AA86606C16}.Release|x86.ActiveCfg = Release|Win32
		{C4B866B3-3281-4E19-ADE8-F7AA86606C16}.Release|x86.Build.0 = Release|Win32
		{8DAB2023-834C-43DE-AF62-B179D8A23CD0}.Debug|x64.ActiveCfg = Debug|x64
		{8DAB2023-834C-43DE-AF62-B179D8A23CD0}.Debug|x64.Build.0 = Debug|x64
		{8DAB2023-834C-43DE-AF62-B179D8A23CD0}.Debug|x86.ActiveCfg = Debug|Win32
		{8DAB2023-834C-43DE-AF62-B179D8A23CD0}.Debug|x86.Build.0 = Debug|Win32
		{8DAB2023-834C-43DE-AF62-B179D8A23CD0}.Release|x64.ActiveCfg = Release|x64
		{8DAB2023-834C-43DE-AF62-B179D8A23CD0}.Release|x64.Build.0 = Release|x64
		{8DAB2023-834C-43DE-AF62-B179D8A23CD0}.Release|x86.ActiveCfg = Release|Win32
		{8DAB2023-834C-43DE-AF62-B179D8A23CD0}.Release|x86.Build.0 = Release|Win32
		{AF34598B-A18E-4B0E-9C29-765684F8AEE6}.Debug|x64.ActiveCfg = Debug|x64
		{AF34598B-A18E-4B0E-9C29-765684F8AEE6}.Debug|x64.Build.0 = Debug|x64
		{AF34598B-A18E-4B0E-9C29-765684F8AEE6}.Debug|x86.ActiveCfg = Debug|Win32
		{AF34598B-A18E-4B0E-9C29-765684F8AEE6}.Debug|x86.Build.0 = Debug|Win32
		{AF34598B-A18E-4B0E-9C29-765684F8AEE6}.Release|x64.ActiveCfg = Release|x64
		{AF34598B-A18E-4B0E-9C29-765684F8AEE6}.Release|x64.Build.0 = Release|x64
		{AF34598B-A18E-4B0E-9C29-765684F8AEE6}.Release|x86.ActiveCfg = Release|Win32
		{AF34598B-A18E-4B0E-9C29-765684F8AEE6}.Release|x86.Build.0 = Release|Win32
		{5B02E317-70A1-43AE-B279-4924D50E3F26}.Debug|x64.ActiveCfg = Debug|x64
		{5B02E317-70A1-43AE-B279-4924D50E3F26}.Debug|x64.Build.0 = Debug|x64
		{5B02E317-70A1-43AE-B279-4924D50E3F26}.Debug|x86.ActiveCfg = Debug|Win32
		{5B02E317-70A1-43AE-B279-4924D50E3F26}.Debug|x86.Build.0 = Debug|Win32
		{5B02E317-70A1-43AE-B279-4924D50E3F26}.Release|x64.ActiveCfg = Release|x64
		{5B02E317-70A1-43AE-B279-4924D50E3F26}.Release|x64.Build.0 = Release|x64
		{5B02E317-70A1-43AE-B279-4924D50E3F26}.Release|x86.ActiveCfg = Release|Win32
		{5B02E317-70A1-43AE-B279-4924D50E3F26}.Release|x86.Build.0 = Release|Win32
		{5AC4BCA0-F378-4637-9EA8-10EC07C159BA}.Debug|x64.ActiveCfg = Debug|x64
		{5AC4BCA0-F378-4637-9EA8-10EC07C159BA}.Debug|x64.Build.0 = Debug|x64
		{5AC4BCA0-F378-4637-9EA8-10EC07C159BA}.Debug|x86.ActiveCfg = Debug|Win32
		{5AC4BCA0-F378-4637-9EA8-10EC07C159BA}.Debug|x86.Build.0 = Debug|Win32
		{5AC4BCA0-F378-4637-9EA8-10EC07C159BA}.Release|x64.ActiveCfg = Release|x64
		{5AC4BCA0-F378-4637-9EA8-10EC07C159BA}.Release|x64.Build.0 = Release|x64
		{5AC4BCA0-F378-4637-9EA8-10EC07C159BA}.Release|x86.ActiveCfg = Release|Win32
		{5AC4BCA0-F378-4637-9EA8-10EC07C159BA}.Release|x86.Build.0 = Release|Win32
		{C32408DC-EB19-450A-9BA9-643BEBF0550B}.Debug|x64.ActiveCfg = Debug|x64
		{C32408DC-EB19-450A-9BA9-643BEBF0550B}.Debug|x64.Build.0 = Debug|x64
		{C32408DC-EB19-450A-9BA9-643BEBF0550B}.Debug|x86.ActiveCfg = Debug|Win32
		{C32408DC-EB19-450A-9BA9-643BEBF0550B}.Debug|x86.Build.0 = Debug|Win32
		{C32408DC-EB19-450A-9BA9-643BEBF0550B}.Release|x64.ActiveCfg = Release|x64
		{C32408DC-EB19-450A-9BA9-643BEBF0550B}.Release|x64.Build.0 = Release|x64
		{C32408DC-EB19-450A-9BA9-643BEBF0550B}.Release|x86.ActiveCfg = Release|Win32
		{C32408DC-EB19-450A-9BA9-643BEBF0550B}.Release|x86.Build.0 = Release|Win32
		{56F8C922-6FAC-40EA-AE59-F4DFDD21D491}.Debug|x64.ActiveCfg = Debug|x64
		{56F8C922-6FAC-40EA-AE59-F4DFDD21D491}.Debug|x64.Build.0 = Debug|x64
		{56F8C922-6FAC-40EA-AE59-F4DFDD21D491}.Debug|x86.ActiveCfg = Debug|Win32
		{56F8C922-6FAC-40EA-AE59-F4DFDD21D491}.Debug|x86.Build.0 = Debug|Win32
		{56F8C922-6FAC-40EA-AE59-F4DFDD21D491}.Release|x64.ActiveCfg = Release|x64
		{56F8C922-6FAC-40EA-AE59-F4DFDD21D491}.Release|x64.Build.0 = Release|x64
		{56F8C922-6FAC-40EA-AE59-F4DFDD21D491}.Release|x86.ActiveCfg = Release|Win32
		{56F8C922-6FAC-40EA-AE59-F4DFDD21D491}.Release|x86.Build.0 = Release|Win32
		{1E1C02A9-F19C-475F-BEC6-2D8E05281B0D}.Debug|x64.ActiveCfg = Debug|x64
		{1E1C02A9-F19C-475F-BEC6-2D8E05281B0D}.Debug|x64.Build.0 = Debug|x64
		{1E1C02A9-F19C-475F-BEC6-2D8E05281B0D}.Debug|x86.ActiveCfg = Debug|Win32
		{1E1C02A9-F19C-475F-BEC6-2D8E05281B0D}.Debug|x86.Build.0 = Debug|Win32
		{1E1C02A9-F19C-475F-BEC6-2D8E05281B0D}.Release|x64.ActiveCfg = Release|x64
		{1E1C02A9-F19C-475F-BEC6-2D8E05281B0D}.Release|x64.Build.0 = Release|x64
		{1E1C02A9-F19C-475F-BEC6-2D8E05281B0D}.Release|x86.ActiveCfg = Release|Win32
		{1E1C02A9-F19C-475F-BEC6-2D8E05281B0D}.Release|x86.Build.0 = Release|Win32
		{0A2B5165-0E60-47E7-919B-A8539754F699}.Debug|x64.ActiveCfg = Debug|x64
		{0A2B5165-0E60-47E7-919B-A8539754F699}.Debug|x64.Build.0 = Debug|x64
		{0A2B5165-0E60-47E7-919B-A8539754F699}.Debug|x86.ActiveCfg = Debug|Win32
		{0A2B5165-0E60-47E7-919B-A8539754F699}.Debug|x86.Build.0 = Debug|Win32
		{0A2B5165-0E60-47E7-919B-A8539754F699}.Release|x64.ActiveCfg = Release|x64
		{0A2B5165-0E60-47E7-919B-A8539754F699}.Release|x64.Build.0 = Release|x64
		{0A2B5165-0E60-47E7-919B-A8539754F699}.Release|x86.ActiveCfg = Release|Win32
		{0A2B5165-0E60-47E7-919B-A8539754F699}.Release|x86.Build.0 = Release|Win32
		{ECF180A9-7AA7-472C-BE77-4612A6E7C77C}.Debug|x64.ActiveCfg = Debug|x64
		{ECF180A9-7AA7-472C-BE77-4612A6E7C77C}.Debug|x64.Build.0 = Debug|x64
		{ECF180A9-7AA7-472C-BE77-4612A6E7C77C}.Debug|x86.ActiveCfg = Debug|Win32
		{ECF180A9-7AA7-472C-BE77-4612A6E7C77C}.Debug|x86.Build.0 = Debug|Win32
		{ECF180A9-7AA7-472C-BE77-4612A6E7C77C}.Release|x64.ActiveCfg = Release|x64
		{ECF180A9-7AA7-472C-BE77-4612A6E7C77C}.Release|x64.Build.0 = Release|x64
		{ECF180A9-7AA7-472C-BE77-4612A6E7C77C}.Release|x86.ActiveCfg = Release|Win32
		{ECF180A9-7AA7-472C-BE77-4612A6E7C77C}.Release|x86.Build.0 = Release|Win32
		{CF519B7E-9E1B-4C7F-9B5F-3693D1A294EC}.Debug|x64.ActiveCfg = Debug|x64
		{CF519B7E-9E1B-4C7F-9B5F-3693D1A294EC}.Debug|x64.Build.0 = Debug|x64
		{CF519B7E-9E1B-4C7F-9B5F-3693D1A294EC}.Debug|x86.ActiveCfg = Debug|Win32
		{CF519B7E-9E1B-4C7F-9B5F-3693D1A294EC}.Debug|x86.Build.0 = Debug|Win32
		{CF519B7E-9E1B-4C7F-9B5F-3693D1A294EC}.Release|x64.ActiveCfg = Release|x64
		{CF519B7E-9E1B-4C7F-9B5F-3693D1A294EC}.Release|x64.Build.0 = Release|x64
		{CF519B7E-9E1B-4C7F-9B5F-3693D1A294EC}.Release|x86.ActiveCfg = Release|Win32
		{CF519B7E-9E1B-4C7F-9B5F-3693D1A294EC}.Release|x86.Build.0 = Release|Win32
		{276CBA05-2056-447D-806D-DC19636F5BBF}.Debug|x64.ActiveCfg = Debug|x64
		{276CBA05-2056-447D-806D-DC19636F5BBF}.Debug|x64.Build.0 = Debug|x64
		{276CBA05-2056-447D-806D-DC19636F5BBF}.Debug|x86.ActiveCfg = Debug|Win32
		{276CBA05-2056-447D-806D-DC19636F5BBF}.Debug|x86.Build.0 = Debug|Win32
		{276CBA05-2056-447D-806D-DC19636F5BBF}.Release|x64.ActiveCfg = Release|x64
		{276CBA05-2056-447D-806D-DC19636F5BBF}.Release|x64.Build.0 = Release|x64
		{276CBA05-2056-447D-806D-DC19636F5BBF}.Release|x86.ActiveCfg = Release|Win32
		{276CBA05-2056-447D-806D-DC19636F5BBF}.Release|x86.Build.0 = Release|Win32
		{AB9E7399-C7E7-4F58-85B8-B2C8F1ECFE38}.Debug|x64.ActiveCfg = Debug|x64
		{AB9E7399-C7E7-4F58-85B8-B2C8F1ECFE38}.Debug|x64.Build.0 = Debug|x64
		{AB9E7399-C7E7-4F58-85B8-B2C8F1ECFE38}.Debug|x86.ActiveCfg = Debug|Win32
		{AB9E7399-C7E7-4F58-85B8-B2C8F1ECFE38}.Debug|x86.Build.0 = Debug|Win32
		{AB9E7399-C7E7-4F58-85B8-B2C8F1ECFE38}.Release|x64.ActiveCfg = Release|x64
		{AB9E7399-C7E7-4F58-85B8-B2C8F1ECFE38}.Release|x64.Build.0 = Release|x64
		{AB9E7399-C7E7-4F58-85B8-B2C8F1ECFE38}.Release|x86.ActiveCfg = Release|Win32
		{AB9E7399-C7E7-4F58-85B8-B2C8F1ECFE38}.Release|x86.Build.0 = Release|Win32
		{AABBC8D7-6A71-4930-8707-BB9C4A7C7E99}.Debug|x64.ActiveCfg = Debug|x64
		{AABBC8D7-6A71-4930-8707-BB9C4A7C7E99}.Debug|x64.Build.0 = Debug|x64
		{AABBC8D7-6A71-4930-8707-BB9C4A7C7E99}.Debug|x86.ActiveCfg = Debug|Win32
		{AABBC8D7-6A71-4930-8707-BB9C4A7C7E99}.Debug|x86.Build.0 = Debug|Win32
		{AABBC8D7-6A71-4930-8707-BB9C4A7C7E99}.Release|x64.ActiveCfg = Release|x64
		{AABBC8D7-6A71-4930-8707-BB9C4A7C7E99}.Release|x64.Build.0 = Release|x64
		{AABBC8D7-6A71-4930-8707-BB9C4A7C7E99}.Release|x86.ActiveCfg = Release|Win32
		{AABBC8D7-6A71-4930-8707-BB9C4A7C7E99}.Release|x86.Build.0 = Release|Win32
		{CCCC4EC0-3C81-435F-A960-40400520AA8D}.Debug|x64.ActiveCfg = Debug|x64
		{CCCC4EC0-3C81-435F-A960-40400520AA8D}.Debug|x64.Build.0 = Debug|x64
		{CCCC4EC0-3C81-435F-A960-40400520AA8D}.Debug|x86.ActiveCfg = Debug|Win32
		{CCCC4EC0-3C81-435F-A960-40400520AA8D}.Debug|x86.Build.0 = Debug|Win32
		{CCCC4EC0-3C81-435F-A960-40400520AA8D}.Release|x64.ActiveCfg = Release|x64
		{CCCC4EC0-3C81-435F-A960-40400520AA8D}.Release|x64.Build.0 = Release|x64
		{CCCC4EC0-3C81-435F-A960-40400520AA8D}.Release|x86.ActiveCfg = Release|Win32
		{CCCC4EC0-3C81-435F-A960-40400520AA8D}.Release|x86.Build.0 = Release|Win32
		{EDD944FC-2B54-49C9-98F5-56CDF2299E2C}.Debug|x64.ActiveCfg = Debug|x64
		{EDD944FC-2B54-49C9-98F5-56CDF2299E2C}.Debug|x64.Build.0 = Debug|x64
		{EDD944FC-2B54-49C9-98F5-56CDF2299E2C}.Debug|x86.ActiveCfg = Debug|Win32
		{EDD944FC-2B54-49C9-98F5-56CDF2299E2C}.Debug|x86.Build.0 = Debug|Win32
		{EDD944FC-2B54-49C9-98F5-56CDF2299E2C}.Release|x64.ActiveCfg = Release|x64
		{EDD944FC-2B54-49C9-98F5-56CDF2299E2C}.Release|x64.Build.0 = Release|x64
		{EDD944FC-2B54-49C9-98F5-56CDF2299E2C}.Release|x86.ActiveCfg = Release|Win32
		{EDD944FC-2B54-49C9-98F5-56CDF2299E2C}.Release|x86.Build.0 = Release|Win32
		{F895296B-2863-4180-992F-7DC1383350E9}.Debug|x64.ActiveCfg = Debug|x64
		{F895296B-2863-4180-992F-7DC1383350E9}.Debug|x64.Build.0 = Debug|x64
		{F895296B-2863-4180-992F-7DC1383350E9}.Debug|x86.ActiveCfg = Debug|Win32
		{F895296B-2863-4180-992F-7DC1383350E9}.Debug|x86.Build.0 = Debug|Win32
		{F895296B-2863-4180-992F-7DC1383350E9}.Release|x64.ActiveCfg = Release|x64
		{F895296B-2863-4180-992F-7DC1383350E9}.Release|x64.Build.0 = Release|x64
		{F895296B-2863-4180-992F-7DC1383350E9}.Release|x86.ActiveCfg = Release|Win32
		{F895296B-2863-4180-992F-7DC1383350E9}.Release|x86.Build.0 = Release|Win32
		{10F3E474-AC01-4BB2-8750-2FCB2D516578}.Debug|x64.ActiveCfg = Debug|x64
		{10F3E474-AC01-4BB2-8750-2FCB2D516578}.Debug|x64.Build.0 = Debug|x64
		{10F3E474-AC01-4BB2-8750-2FCB2D516578}.Debug|x86.ActiveCfg = Debug|Win32
		{10F3E474-AC01-4BB2-8750-2FCB2D516578}.Debug|x86.Build.0 = Debug|Win32
		{10F3E474-AC01-4BB2-8750-2FCB2D516578}.Release|x64.ActiveCfg = Release|x64
		{10F3E474-AC01-4BB2-8750-2FCB2D516578}.Release|x64.Build.0 = Release|x64
		{10F3E474-AC01-4BB2-8750-2FCB2D516578}.Release|x86.ActiveCfg = Release|Win32
		{10F3E474-AC01-4BB2-8750-2FCB2D516578}.Release|x86.Build.0 = Release|Win32
		{597E545D-7DCD-427D-A26B-48CC5FD81200}.Debug|x64.ActiveCfg = Debug|x64
		{597E545D-7DCD-427D-A26B-48CC5FD81200}.Debug|x64.Build.0 = Debug|x64
		{597E545D-7DCD-427D-A26B-48CC5FD81200}.Debug|x86.ActiveCfg = Debug|Win32
		{597E545D-7DCD-427D-A26B-48CC5FD81200}.Debug|x86.Build.0 = Debug|Win32
		{597E545D-7DCD-427D-A26B-48CC5FD81200}.Release|x64.ActiveCfg = Release|x64
		{597E545D-7DCD-427D-A26B-48CC5FD81200}.Release|x64.Build.0 = Release|x64
		{597E545D-7DCD-427D-A26B-48CC5FD81200}.Release|x86.ActiveCfg = Release|Win32
		{597E545D-7DCD-427D-A26B-48CC5FD81200}.Release|x86.Build.0 = Release|Win32
		{F7275D51-0DC2-44B5-9351-D9513A5E0E33}.Debug|x64.ActiveCfg = Debug|x64
		{F7275D51-0DC2-44B5-9351-D9513A5E0E33}.Debug|x64.Build.0 = Debug|x64
		{F7275D51-0DC2-44B5-9351-D9513A5E0E33}.Debug|x86.ActiveCfg = Debug|Win32
		{F7275D51-0DC2-44B5-9351-D9513A5E0E33}.Debug|x86.Build.0 = Debug|Win32
		{F7275D51-0DC2-44B5-9351-D9513A5E0E33}.Release|x64.ActiveCfg = Release|x64
		{F7275D51-0DC2-44B5-9351-D9513A5E0E33}.Release|x64.Build.0 = Release|x64
		{F7275D51-0DC2-44B5-9351-D9513A5E0E33}.Release|x86.ActiveCfg = Release|Win32
		{F7275D51-0DC2-44B5-9351-D9513A5E0E33}.Release|x86.Build.0 = Release|Win32
		{ED5B71A4-CD22-4FC0-A414-E2AD60694BBD}.Debug|x64.ActiveCfg = Debug|x64
		{ED5B71A4-CD22-4FC0-A414-E2AD60694BBD}.Debug|x64.Build.0 = Debug|x64
		{ED5B71A4-CD22-4FC0-A414-E2AD60694BBD}.Debug|x86.ActiveCfg = Debug|Win32
		{ED5B71A4-CD22-4FC0-A414-E2AD60694BBD}.Debug|x86.Build.0 = Debug|Win32
		{ED5B71A4-CD22-4FC0-A414-E2AD60694BBD}.Release|x64.ActiveCfg = Release|x64
		{ED5B71A4-CD22-4FC0-A414-E2AD60694BBD}.Release|x64.Build.0 = Release|x64
		{ED5B71A4-CD22-4FC0-A414-E2AD60694BBD}.Release|x86.ActiveCfg = Release|Win32
		{ED5B71A4-CD22-4FC0-A414-E2AD60694BBD}.Release|x86.Build.0 = Release|Win32
		{8B993605-F194-4586-83C1-E50507B90F50}.Debug|x64.ActiveCfg = Debug|x64
		{8B993605-F194-4586-83C1-E50507B90F50}.Debug|x64.Build.0 = Debug|x64
		{8B993605-F194-4586-83C1-E50507B90F50}.Debug|x86.ActiveCfg = Debug|Win32
		{8B993605-F194-4586-83C1-E50507B90F50}.Debug|x86.Build.0 = Debug|Win32
		{8B993605-F194-4586-83C1-E50507B90F50}.Release|x64.ActiveCfg = Release|x64
		{8B993605-F194-4586-83C1-E50507B90F50}.Release|x64.Build.0 = Release|x64
		{8B993605-F194-4586-83C1-E50507B90F50}.Release|x86.ActiveCfg = Release|Win32
		{8B993605-F194-4586-83C1-E50507B90F50}.Release|x86.Build.0 = Release|Win32
		{4943CE9A-CFB6-4798-B755-BD605B976342}.Debug|x64.ActiveCfg = Debug|x64
		{4943CE9A-CFB6-4798-B755-BD605B976342}.Debug|x64.Build.0 = Debug|x64
		{4943CE9A-CFB6-4798-B755-BD605B976342}.Debug|x86.ActiveCfg = Debug|Win32
		{4943CE9A-CFB6-4798-B755-BD605B976342}.Debug|x86.Build.0 = Debug|Win32
		{4943CE9A-CFB6-4798-B755-BD605B976342}.Release|x64.ActiveCfg = Release|x64
		{4943CE9A-CFB6-4798-B755-BD605B976342}.Release|x64.Build.0 = Release|x64
		{4943CE9A-CFB6-4798-B755-BD605B976342}.Release|x86.ActiveCfg = Release|Win32
		{4943CE9A-CFB6-4798-B755-BD605B976342}.Release|x86.Build.0 = Release|Win32
		{7E229188-6A8A-4AD3-BCC3-1D0E445C9073}.Debug|x64.ActiveCfg = Debug|x64
		{7E229188-6A8A-4AD3-BCC3-1D0E445C9073}.Debug|x64.Build.0 = Debug|x64
		{7E229188-6A8A-4AD3-BCC3-1D0E445C9073}.Debug|x86.ActiveCfg = Debug|Win32
		{7E229188-6A8A-4AD3-BCC3-1D0E445C9073}.Debug|x86.Build.0 = Debug|Win32
		{7E229188-6A8A-4AD3-BCC3-1D0E445C9073}.Release|x64.ActiveCfg = Release|x64
		{7E229188-6A8A-4AD3-BCC3-1D0E445C9073}.Release|x64.Build.0 = Release|x64
		{7E229188-6A8A-4AD3-BCC3-1D0E445C9073}.Release|x86.ActiveCfg = Release|Win32
		{7E229188-6A8A-4AD3-BCC3-1D0E445C9073}.Release|x86.Build.0 = Release|Win32
		{32DE3F1C-E687-4FDA-821B-5AA4C987DB01}.Debug|x64.ActiveCfg = Debug|x64
		{32DE3F1C-E687-4FDA-821B-5AA4C987DB01}.Debug|x64.Build.0 = Debug|x64
		{32DE3F1C-E687-4FDA-821B-5AA4C987DB01}.Debug|x86.ActiveCfg = Debug|Win32
		{32DE3F1C-E687-4FDA-821B-5AA4C987DB01}.Debug|x86.Build.0 = Debug|Win32
		{32DE3F1C-E687-4FDA-821B-5AA4C987DB01}.Release|x64.ActiveCfg = Release|x64
		{32DE3F1C-E687-4FDA-821B-5AA4C987DB01}.Release|x64.Build.0 = Release|x64
		{32DE3F1C-E687-4FDA-821B-5AA4C987DB01}.Release|x86.ActiveCfg = Release|Win32
		{32DE3F1C-E687-4FDA-821B-5AA4C987DB01}.Release|x86.Build.0 = Release|Win32
		{D682B7A5-B1C3-4C04-AB57-77C1B8BD93B4}.Debug|x64.ActiveCfg = Debug|x64
		{D682B7A5-B1C3-4C04-AB57-77C1B8BD93B4}.Debug|x64.Build.0 = Debug|x64
		{D682B7A5-B1C3-4C04-AB57-77C1B8BD93B4}.Debug|x86.ActiveCfg = Debug|Win32
		{D682B7A5-B1C3-4C04-AB57-77C1B8BD93B4}.Debug|x86.Build.0 = Debug|Win32
		{D682B7A5-B1C3-4C04-AB57-77C1B8BD93B4}.Release|x64.ActiveCfg = Release|x64
		{D682B7A5-B1C3-4C04-AB57-77C1B8BD93B4}.Release|x64.Build.0 = Release|x64
		{D682B7A5-B1C3-4C04-AB57-77C1B8BD93B4}.Release|x86.ActiveCfg = Release|Win32
		{D682B7A5-B1C3-4C04-AB57-77C1B8BD93B4}.Release|x86.Build.0 = Release|Win32
		{6FE37995-D499-40C4-851C-107FC272A851}.Debug|x64.ActiveCfg = Debug|x64
		{6FE37995-D499-40C4-851C-107FC272A851}.Debug|x64.Build.0 = Debug|x64
		{6FE37995-D499-40C4-851C-107FC272A851}.Debug|x86.ActiveCfg = Debug|Win32
		{6FE37995-D499-40C4-851C-107FC272A851}.Debug|x86.Build.0 = Debug|Win32
		{6FE37995-D499-40C4-851C-107FC272A851}.Release|x64.ActiveCfg = Release|x64
		{6FE37995-D499-40C4-851C-107FC272A851}.Release|x64.Build.0 = Release|x64
		{6FE37995-D499-40C4-851C-107FC272A851}.Release|x86.ActiveCfg = Release|Win32
		{6FE37995-D499-40C4-851C-107FC272A851}.Release|x86.Build.0 = Release|Win32
		{D945B546-1CB6-47DD-8BC8-DEBF03AC3F36}.Debug|x64.ActiveCfg = Debug|x64
		{D945B546-1CB6-47DD-8BC8-DEBF03AC3F36}.Debug|x64.Build.0 = Debug|x64
		{D945B546-1CB6-47DD-8BC8-DEBF03AC3F36}.Debug|x86.ActiveCfg = Debug|Win32
		{D945B546-1CB6-47DD-8BC8-DEBF03AC3F36}.Debug|x86.Build.0 = Debug|Win32
		{D945B546-1CB6-47DD-8BC8-DEBF03AC3F36}.Release|x64.ActiveCfg = Release|x64
		{D945B546-1CB6-47DD-8BC8-DEBF03AC3F36}.Release|x64.Build.0 = Release|x64
		{D945B546-1CB6-47DD-8BC8-DEBF03AC3F36}.Release|x86.ActiveCfg = Release|Win32
		{D945B546-1CB6-47DD-8BC8-DEBF03AC3F36}.Release|x86.Build.0 = Release|Win32
		{3863B44C-9994-418C-A165-9995BE4C8622}.Debug|x64.ActiveCfg = Debug|x64
		{3863B44C-9994-418C-A165-9995BE4C8622}.Debug|x64.Build.0 = Debug|x64
		{3863B44C-9994-418C-A165-9995BE4C8622}.Debug|x86.ActiveCfg = Debug|Win32
		{3863B44C-9994-418C-A165-9995BE4C8622}.Debug|x86.Build.0 = Debug|Win32
		{3863B44C-9994-418C-A165-9995BE4C8622}.Release|x64.ActiveCfg = Release|x64
		{3863B44C-9994-418C-A165-9995BE4C8622}.Release|x64.Build.0 = Release|x64
		{3863B44C-9994-418C-A165-9995BE4C8622}.Release|x86.ActiveCfg = Release|Win32
		{3863B44C-9994-418C-A165-9995BE4C8622}.Release|x86.Build.0 = Release|Win32
		{6114576E-5393-4554-955B-7E19B2BE6057}.Debug|x64.ActiveCfg = Debug|x64
		{6114576E-5393-4554-955B-7E19B2BE6057}.Debug|x64.Build.0 = Debug|x64
		{6114576E-5393-4554-955B-7E19B2BE6057}.Debug|x86.ActiveCfg = Debug|Win32
		{6114576E-5393-4554-955B-7E19B2BE6057}.Debug|x86.Build.0 = Debug|Win32
		{6114576E-5393-4554-955B-7E19B2BE6057}.Release|x64.ActiveCfg = Release|x64
		{6114576E-5393-4554-955B-7E19B2BE6057}.Release|x64.Build.0 = Release|x64
		{6114576E-5393-4554-955B-7E19B2BE6057}.Release|x86.ActiveCfg = Release|Win32
		{6114576E-5393-4554-955B-7E19B2BE6057}.Release|x86.Build.0 = Release|Win32
		{313D4356-2807-4A95-9E0E-ED02A960661B}.Debug|x64.ActiveCfg = Debug|x64
		{313D4356-2807-4A95-9E0E-ED02A960661B}.Debug|x64.Build.0 = Debug|x64
		{313D4356-2807-4A95-9E0E-ED02A960661B}.Debug|x86.ActiveCfg = Debug|Win32
		{313D4356-2807-4A95-9E0E-ED02A960661B}.Debug|x86.Build.0 = Debug|Win32
		{313D4356-2807-4A95-9E0E-ED02A960661B}.Release|x64.ActiveCfg = Release|x64
		{313D4356-2807-4A95-9E0E-ED02A960661B}.Release|x64.Build.0 = Release|x64
		{313D4356-2807-4A95-9E0E-ED02A960661B}.Release|x86.ActiveCfg = Release|Win32
		{313D4356-2807-4A95-9E0E-ED02A960661B}.Release|x86.Build.0 = Release|Win32
		{20A641FC-1ACD-49F6-87B2-BA5C11592F88}.Debug|x64.ActiveCfg = Debug|x64
		{20A641FC-1ACD-49F6-87B2-BA5C11592F88}.Debug|x64.Build.0 = Debug|x64
		{20A641FC-1ACD-49F6-87B2-BA5C11592F88}.Debug|x86.ActiveCfg = Debug|Win32
		{20A641FC-1ACD-49F6-87B2-BA5C11592F88}.Debug|x86.Build.0 = Debug|Win32
		{20A641FC-1ACD-49F6-87B2-BA5C11592F88}.Release|x64.ActiveCfg = Release|x64
		{20A641FC-1ACD-49F6-87B2-BA5C11592F88}.Release|x64.Build.0 = Release|x64
		{20A641FC-1ACD-49F6-87B2-BA5C11592F88}.Release|x86.ActiveCfg = Release|Win32
		{20A641FC-1ACD-49F6-87B2-BA5C11592F88}.Release|x86.Build.0 = Release|Win32
		{80384636-8283-43B5-AB27-E4B0CA9122D2}.Debug|x64.ActiveCfg = Debug|x64
		{80384636-8283-43B5-AB27-E4B0CA9122D2}.Debug|x64.Build.0 = Debug|x64
		{80384636-8283-43B5-AB27-E4B0CA9122D2}.Debug|x86.ActiveCfg = Debug|Win32
		{80384636-8283-43B5-AB27-E4B0CA9122D2}.Debug|x86.Build.0 = Debug|Win32
		{80384636-8283-43B5-AB27-E4B0CA9122D2}.Release|x64.ActiveCfg = Release|x64
		{80384636-8283-43B5-AB27-E4B0CA9122D2}.Release|x64.Build.0 = Release|x64
		{80384636-8283-43B5-AB27-E4B0CA9122D2}.Release|x86.ActiveCfg = Release|Win32
		{80384636-8283-43B5-AB27-E4B0CA9122D2}.Release|x86.Build.0 = Release|Win32
		{B3DBABA5-DF8D-45CD-8E44-C64996937494}.Debug|x64.ActiveCfg = Debug|x64
		{B3DBABA5-DF8D-45CD-8E44-C64996937494}.Debug|x64.Build.0 = Debug|x64
		{B3DBABA5-DF8D-45CD-8E44-C64996937494}.Debug|x86.ActiveCfg = Debug|Win32
		{B3DBABA5-DF8D-45CD-8E44-C64996937494}.Debug|x86.Build.0 = Debug|Win32
		{B3DBABA5-DF8D-45CD-8E44-C64996937494}.Release|x64.ActiveCfg = Release|x64
		{B3DBABA5-DF8D-45CD-8E44-C64996937494}.Release|x64.Build.0 = Release|x64
		{B3DBABA5-DF8D-45CD-8E44-C64996937494}.Release|x86.ActiveCfg = Release|Win32
		{B3DBABA5-DF8D-45CD-8E44-C64996937494}.Release|x86.Build.0 = Release|Win32
		{6E10ADF5-7D04-4FFD-8113-F50ABD375EF1}.Debug|x64.ActiveCfg = Debug|x64
		{6E10ADF5-7D04-4FFD-8113-F50ABD375EF1}.Debug|x64.Build.0 = Debug|x64
		{6E10ADF5-7D04-4FFD-8113-F50ABD375EF1}.Debug|x86.ActiveCfg = Debug|Win32
		{6E10ADF5-7D04-4FFD-8113-F50ABD375EF1}.Debug|x86.Build.0 = Debug|Win32
		{6E10ADF5-7D04-4FFD-8113-F50ABD375EF1}.Release|x64.ActiveCfg = Release|x64
		{6E10ADF5-7D04-4FFD-8113-F50ABD375EF1}.Release|x64.Build.0 = Release|x64
		{6E10ADF5-7D04-4FFD-8113-F50ABD375EF1}.Release|x86.ActiveCfg = Release|Win32
		{6E10ADF5-7D04-4FFD-8113-F50ABD375EF1}.Release|x86.Build.0 = Release|Win32
		{D84E719D-627D-4CE5-B830-48747E12EE6A}.Debug|x64.ActiveCfg = Debug|x64
		{D84E719D-627D-4CE5-B830-48747E12EE6A}.Debug|x64.Build.0 = Debug|x64
		{D84E719D-627D-4CE5-B830-48747E12EE6A}.Debug|x86.ActiveCfg = Debug|Win32
		{D84E719D-627D-4CE5-B830-48747E12EE6A}.Debug|x86.Build.0 = Debug|Win32
		{D84E719D-627D-4CE5-B830-48747E12EE6A}.Release|x64.ActiveCfg = Release|x64
		{D84E719D-627D-4CE5-B830-48747E12EE6A}.Release|x64.Build.0 = Release|x64
		{D84E719D-627D-4CE5-B830-48747E12EE6A}.Release|x86.ActiveCfg = Release|Win32
		{D84E719D-627D-4CE5-B830-48747E12EE6A}.Release|x86.Build.0 = Release|Win32
	EndGlobalSection
	GlobalSection(SolutionProperties) = preSolution
		HideSolutionNode = FALSE
	EndGlobalSection
	GlobalSection(ExtensibilityGlobals) = postSolution
		SolutionGuid = {68BE0A59-C9EF-4CD4-AE46-2D0BEE55DC15}
	EndGlobalSection
EndGlobal
